// !$*UTF8*$!
{
	archiveVersion = 1;
	classes = {
	};
	objectVersion = 48;
	objects = {

/* Begin PBXBuildFile section */
		DCC50CEE1F4E187A0072EDA5 /* AppDelegate.swift in Sources */ = {isa = PBXBuildFile; fileRef = DCC50CED1F4E187A0072EDA5 /* AppDelegate.swift */; };
		DCC50CF01F4E187A0072EDA5 /* ViewController.swift in Sources */ = {isa = PBXBuildFile; fileRef = DCC50CEF1F4E187A0072EDA5 /* ViewController.swift */; };
		DCC50CF31F4E187A0072EDA5 /* Main.storyboard in Resources */ = {isa = PBXBuildFile; fileRef = DCC50CF11F4E187A0072EDA5 /* Main.storyboard */; };
		DCC50CF51F4E187A0072EDA5 /* Assets.xcassets in Resources */ = {isa = PBXBuildFile; fileRef = DCC50CF41F4E187A0072EDA5 /* Assets.xcassets */; };
		DCC50CF81F4E187A0072EDA5 /* LaunchScreen.storyboard in Resources */ = {isa = PBXBuildFile; fileRef = DCC50CF61F4E187A0072EDA5 /* LaunchScreen.storyboard */; };
		DCC50D031F4E187A0072EDA5 /* GambitTests.swift in Sources */ = {isa = PBXBuildFile; fileRef = DCC50D021F4E187A0072EDA5 /* GambitTests.swift */; };
		DCC50D0E1F4E187A0072EDA5 /* GambitUITests.swift in Sources */ = {isa = PBXBuildFile; fileRef = DCC50D0D1F4E187A0072EDA5 /* GambitUITests.swift */; };
/* End PBXBuildFile section */

/* Begin PBXContainerItemProxy section */
		DCC50CFF1F4E187A0072EDA5 /* PBXContainerItemProxy */ = {
			isa = PBXContainerItemProxy;
			containerPortal = DCC50CE21F4E187A0072EDA5 /* Project object */;
			proxyType = 1;
			remoteGlobalIDString = DCC50CE91F4E187A0072EDA5;
			remoteInfo = Gambit;
		};
		DCC50D0A1F4E187A0072EDA5 /* PBXContainerItemProxy */ = {
			isa = PBXContainerItemProxy;
			containerPortal = DCC50CE21F4E187A0072EDA5 /* Project object */;
			proxyType = 1;
			remoteGlobalIDString = DCC50CE91F4E187A0072EDA5;
			remoteInfo = Gambit;
		};
/* End PBXContainerItemProxy section */

/* Begin PBXFileReference section */
		DCC50CEA1F4E187A0072EDA5 /* Gambit.app */ = {isa = PBXFileReference; explicitFileType = wrapper.application; includeInIndex = 0; path = Gambit.app; sourceTree = BUILT_PRODUCTS_DIR; };
		DCC50CED1F4E187A0072EDA5 /* AppDelegate.swift */ = {isa = PBXFileReference; lastKnownFileType = sourcecode.swift; path = AppDelegate.swift; sourceTree = "<group>"; };
		DCC50CEF1F4E187A0072EDA5 /* ViewController.swift */ = {isa = PBXFileReference; lastKnownFileType = sourcecode.swift; path = ViewController.swift; sourceTree = "<group>"; };
		DCC50CF21F4E187A0072EDA5 /* Base */ = {isa = PBXFileReference; lastKnownFileType = file.storyboard; name = Base; path = Base.lproj/Main.storyboard; sourceTree = "<group>"; };
		DCC50CF41F4E187A0072EDA5 /* Assets.xcassets */ = {isa = PBXFileReference; lastKnownFileType = folder.assetcatalog; path = Assets.xcassets; sourceTree = "<group>"; };
		DCC50CF71F4E187A0072EDA5 /* Base */ = {isa = PBXFileReference; lastKnownFileType = file.storyboard; name = Base; path = Base.lproj/LaunchScreen.storyboard; sourceTree = "<group>"; };
		DCC50CF91F4E187A0072EDA5 /* Info.plist */ = {isa = PBXFileReference; lastKnownFileType = text.plist.xml; path = Info.plist; sourceTree = "<group>"; };
		DCC50CFE1F4E187A0072EDA5 /* GambitTests.xctest */ = {isa = PBXFileReference; explicitFileType = wrapper.cfbundle; includeInIndex = 0; path = GambitTests.xctest; sourceTree = BUILT_PRODUCTS_DIR; };
		DCC50D021F4E187A0072EDA5 /* GambitTests.swift */ = {isa = PBXFileReference; lastKnownFileType = sourcecode.swift; path = GambitTests.swift; sourceTree = "<group>"; };
		DCC50D041F4E187A0072EDA5 /* Info.plist */ = {isa = PBXFileReference; lastKnownFileType = text.plist.xml; path = Info.plist; sourceTree = "<group>"; };
		DCC50D091F4E187A0072EDA5 /* GambitUITests.xctest */ = {isa = PBXFileReference; explicitFileType = wrapper.cfbundle; includeInIndex = 0; path = GambitUITests.xctest; sourceTree = BUILT_PRODUCTS_DIR; };
		DCC50D0D1F4E187A0072EDA5 /* GambitUITests.swift */ = {isa = PBXFileReference; lastKnownFileType = sourcecode.swift; path = GambitUITests.swift; sourceTree = "<group>"; };
		DCC50D0F1F4E187A0072EDA5 /* Info.plist */ = {isa = PBXFileReference; lastKnownFileType = text.plist.xml; path = Info.plist; sourceTree = "<group>"; };
/* End PBXFileReference section */

/* Begin PBXFrameworksBuildPhase section */
		DCC50CE71F4E187A0072EDA5 /* Frameworks */ = {
			isa = PBXFrameworksBuildPhase;
			buildActionMask = 2147483647;
			files = (
			);
			runOnlyForDeploymentPostprocessing = 0;
		};
		DCC50CFB1F4E187A0072EDA5 /* Frameworks */ = {
			isa = PBXFrameworksBuildPhase;
			buildActionMask = 2147483647;
			files = (
			);
			runOnlyForDeploymentPostprocessing = 0;
		};
		DCC50D061F4E187A0072EDA5 /* Frameworks */ = {
			isa = PBXFrameworksBuildPhase;
			buildActionMask = 2147483647;
			files = (
			);
			runOnlyForDeploymentPostprocessing = 0;
		};
/* End PBXFrameworksBuildPhase section */

/* Begin PBXGroup section */
		DCC50CE11F4E187A0072EDA5 = {
			isa = PBXGroup;
			children = (
				DCC50CEC1F4E187A0072EDA5 /* Gambit */,
				DCC50D011F4E187A0072EDA5 /* GambitTests */,
				DCC50D0C1F4E187A0072EDA5 /* GambitUITests */,
				DCC50CEB1F4E187A0072EDA5 /* Products */,
			);
			sourceTree = "<group>";
		};
		DCC50CEB1F4E187A0072EDA5 /* Products */ = {
			isa = PBXGroup;
			children = (
				DCC50CEA1F4E187A0072EDA5 /* Gambit.app */,
				DCC50CFE1F4E187A0072EDA5 /* GambitTests.xctest */,
				DCC50D091F4E187A0072EDA5 /* GambitUITests.xctest */,
			);
			name = Products;
			sourceTree = "<group>";
		};
		DCC50CEC1F4E187A0072EDA5 /* Gambit */ = {
			isa = PBXGroup;
			children = (
				DCC50CED1F4E187A0072EDA5 /* AppDelegate.swift */,
				DCC50CEF1F4E187A0072EDA5 /* ViewController.swift */,
				DCC50CF11F4E187A0072EDA5 /* Main.storyboard */,
				DCC50CF41F4E187A0072EDA5 /* Assets.xcassets */,
				DCC50CF61F4E187A0072EDA5 /* LaunchScreen.storyboard */,
				DCC50CF91F4E187A0072EDA5 /* Info.plist */,
			);
			path = Gambit;
			sourceTree = "<group>";
		};
		DCC50D011F4E187A0072EDA5 /* GambitTests */ = {
			isa = PBXGroup;
			children = (
				DCC50D021F4E187A0072EDA5 /* GambitTests.swift */,
				DCC50D041F4E187A0072EDA5 /* Info.plist */,
			);
			path = GambitTests;
			sourceTree = "<group>";
		};
		DCC50D0C1F4E187A0072EDA5 /* GambitUITests */ = {
			isa = PBXGroup;
			children = (
				DCC50D0D1F4E187A0072EDA5 /* GambitUITests.swift */,
				DCC50D0F1F4E187A0072EDA5 /* Info.plist */,
			);
			path = GambitUITests;
			sourceTree = "<group>";
		};
/* End PBXGroup section */

/* Begin PBXNativeTarget section */
		DCC50CE91F4E187A0072EDA5 /* Gambit */ = {
			isa = PBXNativeTarget;
			buildConfigurationList = DCC50D121F4E187A0072EDA5 /* Build configuration list for PBXNativeTarget "Gambit" */;
			buildPhases = (
				DCC50CE61F4E187A0072EDA5 /* Sources */,
				DCC50CE71F4E187A0072EDA5 /* Frameworks */,
				DCC50CE81F4E187A0072EDA5 /* Resources */,
			);
			buildRules = (
			);
			dependencies = (
			);
			name = Gambit;
			productName = Gambit;
			productReference = DCC50CEA1F4E187A0072EDA5 /* Gambit.app */;
			productType = "com.apple.product-type.application";
		};
		DCC50CFD1F4E187A0072EDA5 /* GambitTests */ = {
			isa = PBXNativeTarget;
			buildConfigurationList = DCC50D151F4E187A0072EDA5 /* Build configuration list for PBXNativeTarget "GambitTests" */;
			buildPhases = (
				DCC50CFA1F4E187A0072EDA5 /* Sources */,
				DCC50CFB1F4E187A0072EDA5 /* Frameworks */,
				DCC50CFC1F4E187A0072EDA5 /* Resources */,
			);
			buildRules = (
			);
			dependencies = (
				DCC50D001F4E187A0072EDA5 /* PBXTargetDependency */,
			);
			name = GambitTests;
			productName = GambitTests;
			productReference = DCC50CFE1F4E187A0072EDA5 /* GambitTests.xctest */;
			productType = "com.apple.product-type.bundle.unit-test";
		};
		DCC50D081F4E187A0072EDA5 /* GambitUITests */ = {
			isa = PBXNativeTarget;
			buildConfigurationList = DCC50D181F4E187A0072EDA5 /* Build configuration list for PBXNativeTarget "GambitUITests" */;
			buildPhases = (
				DCC50D051F4E187A0072EDA5 /* Sources */,
				DCC50D061F4E187A0072EDA5 /* Frameworks */,
				DCC50D071F4E187A0072EDA5 /* Resources */,
			);
			buildRules = (
			);
			dependencies = (
				DCC50D0B1F4E187A0072EDA5 /* PBXTargetDependency */,
			);
			name = GambitUITests;
			productName = GambitUITests;
			productReference = DCC50D091F4E187A0072EDA5 /* GambitUITests.xctest */;
			productType = "com.apple.product-type.bundle.ui-testing";
		};
/* End PBXNativeTarget section */

/* Begin PBXProject section */
		DCC50CE21F4E187A0072EDA5 /* Project object */ = {
			isa = PBXProject;
			attributes = {
				LastSwiftUpdateCheck = 0900;
				LastUpgradeCheck = 0900;
				ORGANIZATIONNAME = Robbie;
				TargetAttributes = {
					DCC50CE91F4E187A0072EDA5 = {
						CreatedOnToolsVersion = 9.0;
					};
					DCC50CFD1F4E187A0072EDA5 = {
						CreatedOnToolsVersion = 9.0;
						TestTargetID = DCC50CE91F4E187A0072EDA5;
					};
					DCC50D081F4E187A0072EDA5 = {
						CreatedOnToolsVersion = 9.0;
						TestTargetID = DCC50CE91F4E187A0072EDA5;
					};
				};
			};
			buildConfigurationList = DCC50CE51F4E187A0072EDA5 /* Build configuration list for PBXProject "Gambit" */;
			compatibilityVersion = "Xcode 8.0";
			developmentRegion = en;
			hasScannedForEncodings = 0;
			knownRegions = (
				en,
				Base,
			);
			mainGroup = DCC50CE11F4E187A0072EDA5;
			productRefGroup = DCC50CEB1F4E187A0072EDA5 /* Products */;
			projectDirPath = "";
			projectRoot = "";
			targets = (
				DCC50CE91F4E187A0072EDA5 /* Gambit */,
				DCC50CFD1F4E187A0072EDA5 /* GambitTests */,
				DCC50D081F4E187A0072EDA5 /* GambitUITests */,
			);
		};
/* End PBXProject section */

/* Begin PBXResourcesBuildPhase section */
		DCC50CE81F4E187A0072EDA5 /* Resources */ = {
			isa = PBXResourcesBuildPhase;
			buildActionMask = 2147483647;
			files = (
				DCC50CF81F4E187A0072EDA5 /* LaunchScreen.storyboard in Resources */,
				DCC50CF51F4E187A0072EDA5 /* Assets.xcassets in Resources */,
				DCC50CF31F4E187A0072EDA5 /* Main.storyboard in Resources */,
			);
			runOnlyForDeploymentPostprocessing = 0;
		};
		DCC50CFC1F4E187A0072EDA5 /* Resources */ = {
			isa = PBXResourcesBuildPhase;
			buildActionMask = 2147483647;
			files = (
			);
			runOnlyForDeploymentPostprocessing = 0;
		};
		DCC50D071F4E187A0072EDA5 /* Resources */ = {
			isa = PBXResourcesBuildPhase;
			buildActionMask = 2147483647;
			files = (
			);
			runOnlyForDeploymentPostprocessing = 0;
		};
/* End PBXResourcesBuildPhase section */

/* Begin PBXSourcesBuildPhase section */
		DCC50CE61F4E187A0072EDA5 /* Sources */ = {
			isa = PBXSourcesBuildPhase;
			buildActionMask = 2147483647;
			files = (
				DCC50CF01F4E187A0072EDA5 /* ViewController.swift in Sources */,
				DCC50CEE1F4E187A0072EDA5 /* AppDelegate.swift in Sources */,
			);
			runOnlyForDeploymentPostprocessing = 0;
		};
		DCC50CFA1F4E187A0072EDA5 /* Sources */ = {
			isa = PBXSourcesBuildPhase;
			buildActionMask = 2147483647;
			files = (
				DCC50D031F4E187A0072EDA5 /* GambitTests.swift in Sources */,
			);
			runOnlyForDeploymentPostprocessing = 0;
		};
		DCC50D051F4E187A0072EDA5 /* Sources */ = {
			isa = PBXSourcesBuildPhase;
			buildActionMask = 2147483647;
			files = (
				DCC50D0E1F4E187A0072EDA5 /* GambitUITests.swift in Sources */,
			);
			runOnlyForDeploymentPostprocessing = 0;
		};
/* End PBXSourcesBuildPhase section */

/* Begin PBXTargetDependency section */
		DCC50D001F4E187A0072EDA5 /* PBXTargetDependency */ = {
			isa = PBXTargetDependency;
			target = DCC50CE91F4E187A0072EDA5 /* Gambit */;
			targetProxy = DCC50CFF1F4E187A0072EDA5 /* PBXContainerItemProxy */;
		};
		DCC50D0B1F4E187A0072EDA5 /* PBXTargetDependency */ = {
			isa = PBXTargetDependency;
			target = DCC50CE91F4E187A0072EDA5 /* Gambit */;
			targetProxy = DCC50D0A1F4E187A0072EDA5 /* PBXContainerItemProxy */;
		};
/* End PBXTargetDependency section */

/* Begin PBXVariantGroup section */
		DCC50CF11F4E187A0072EDA5 /* Main.storyboard */ = {
			isa = PBXVariantGroup;
			children = (
				DCC50CF21F4E187A0072EDA5 /* Base */,
			);
			name = Main.storyboard;
			sourceTree = "<group>";
		};
		DCC50CF61F4E187A0072EDA5 /* LaunchScreen.storyboard */ = {
			isa = PBXVariantGroup;
			children = (
				DCC50CF71F4E187A0072EDA5 /* Base */,
			);
			name = LaunchScreen.storyboard;
			sourceTree = "<group>";
		};
/* End PBXVariantGroup section */

/* Begin XCBuildConfiguration section */
		DCC50D101F4E187A0072EDA5 /* Debug */ = {
			isa = XCBuildConfiguration;
			buildSettings = {
				ALWAYS_SEARCH_USER_PATHS = NO;
				CLANG_ANALYZER_NONNULL = YES;
				CLANG_ANALYZER_NUMBER_OBJECT_CONVERSION = YES_AGGRESSIVE;
				CLANG_CXX_LANGUAGE_STANDARD = "gnu++14";
				CLANG_CXX_LIBRARY = "libc++";
				CLANG_ENABLE_MODULES = YES;
				CLANG_ENABLE_OBJC_ARC = YES;
				CLANG_WARN_BLOCK_CAPTURE_AUTORELEASING = YES;
				CLANG_WARN_BOOL_CONVERSION = YES;
				CLANG_WARN_COMMA = YES;
				CLANG_WARN_CONSTANT_CONVERSION = YES;
				CLANG_WARN_DIRECT_OBJC_ISA_USAGE = YES_ERROR;
				CLANG_WARN_DOCUMENTATION_COMMENTS = YES;
				CLANG_WARN_EMPTY_BODY = YES;
				CLANG_WARN_ENUM_CONVERSION = YES;
				CLANG_WARN_INFINITE_RECURSION = YES;
				CLANG_WARN_INT_CONVERSION = YES;
				CLANG_WARN_NON_LITERAL_NULL_CONVERSION = YES;
				CLANG_WARN_OBJC_LITERAL_CONVERSION = YES;
				CLANG_WARN_OBJC_ROOT_CLASS = YES_ERROR;
				CLANG_WARN_RANGE_LOOP_ANALYSIS = YES;
				CLANG_WARN_STRICT_PROTOTYPES = YES;
				CLANG_WARN_SUSPICIOUS_MOVE = YES;
				CLANG_WARN_UNGUARDED_AVAILABILITY = YES_AGGRESSIVE;
				CLANG_WARN_UNREACHABLE_CODE = YES;
				CLANG_WARN__DUPLICATE_METHOD_MATCH = YES;
				CODE_SIGN_IDENTITY = "iPhone Developer";
				COPY_PHASE_STRIP = NO;
				DEBUG_INFORMATION_FORMAT = dwarf;
				ENABLE_STRICT_OBJC_MSGSEND = YES;
				ENABLE_TESTABILITY = YES;
				GCC_C_LANGUAGE_STANDARD = gnu11;
				GCC_DYNAMIC_NO_PIC = NO;
				GCC_NO_COMMON_BLOCKS = YES;
				GCC_OPTIMIZATION_LEVEL = 0;
				GCC_PREPROCESSOR_DEFINITIONS = (
					"DEBUG=1",
					"$(inherited)",
				);
				GCC_WARN_64_TO_32_BIT_CONVERSION = YES;
				GCC_WARN_ABOUT_RETURN_TYPE = YES_ERROR;
				GCC_WARN_UNDECLARED_SELECTOR = YES;
				GCC_WARN_UNINITIALIZED_AUTOS = YES_AGGRESSIVE;
				GCC_WARN_UNUSED_FUNCTION = YES;
				GCC_WARN_UNUSED_VARIABLE = YES;
				IPHONEOS_DEPLOYMENT_TARGET = 11.0;
				MTL_ENABLE_DEBUG_INFO = YES;
				ONLY_ACTIVE_ARCH = YES;
				SDKROOT = iphoneos;
				SWIFT_ACTIVE_COMPILATION_CONDITIONS = DEBUG;
				SWIFT_OPTIMIZATION_LEVEL = "-Onone";
			};
			name = Debug;
		};
		DCC50D111F4E187A0072EDA5 /* Release */ = {
			isa = XCBuildConfiguration;
			buildSettings = {
				ALWAYS_SEARCH_USER_PATHS = NO;
				CLANG_ANALYZER_NONNULL = YES;
				CLANG_ANALYZER_NUMBER_OBJECT_CONVERSION = YES_AGGRESSIVE;
				CLANG_CXX_LANGUAGE_STANDARD = "gnu++14";
				CLANG_CXX_LIBRARY = "libc++";
				CLANG_ENABLE_MODULES = YES;
				CLANG_ENABLE_OBJC_ARC = YES;
				CLANG_WARN_BLOCK_CAPTURE_AUTORELEASING = YES;
				CLANG_WARN_BOOL_CONVERSION = YES;
				CLANG_WARN_COMMA = YES;
				CLANG_WARN_CONSTANT_CONVERSION = YES;
				CLANG_WARN_DIRECT_OBJC_ISA_USAGE = YES_ERROR;
				CLANG_WARN_DOCUMENTATION_COMMENTS = YES;
				CLANG_WARN_EMPTY_BODY = YES;
				CLANG_WARN_ENUM_CONVERSION = YES;
				CLANG_WARN_INFINITE_RECURSION = YES;
				CLANG_WARN_INT_CONVERSION = YES;
				CLANG_WARN_NON_LITERAL_NULL_CONVERSION = YES;
				CLANG_WARN_OBJC_LITERAL_CONVERSION = YES;
				CLANG_WARN_OBJC_ROOT_CLASS = YES_ERROR;
				CLANG_WARN_RANGE_LOOP_ANALYSIS = YES;
				CLANG_WARN_STRICT_PROTOTYPES = YES;
				CLANG_WARN_SUSPICIOUS_MOVE = YES;
				CLANG_WARN_UNGUARDED_AVAILABILITY = YES_AGGRESSIVE;
				CLANG_WARN_UNREACHABLE_CODE = YES;
				CLANG_WARN__DUPLICATE_METHOD_MATCH = YES;
				CODE_SIGN_IDENTITY = "iPhone Developer";
				COPY_PHASE_STRIP = NO;
				DEBUG_INFORMATION_FORMAT = "dwarf-with-dsym";
				ENABLE_NS_ASSERTIONS = NO;
				ENABLE_STRICT_OBJC_MSGSEND = YES;
				GCC_C_LANGUAGE_STANDARD = gnu11;
				GCC_NO_COMMON_BLOCKS = YES;
				GCC_WARN_64_TO_32_BIT_CONVERSION = YES;
				GCC_WARN_ABOUT_RETURN_TYPE = YES_ERROR;
				GCC_WARN_UNDECLARED_SELECTOR = YES;
				GCC_WARN_UNINITIALIZED_AUTOS = YES_AGGRESSIVE;
				GCC_WARN_UNUSED_FUNCTION = YES;
				GCC_WARN_UNUSED_VARIABLE = YES;
				IPHONEOS_DEPLOYMENT_TARGET = 11.0;
				MTL_ENABLE_DEBUG_INFO = NO;
				SDKROOT = iphoneos;
				SWIFT_OPTIMIZATION_LEVEL = "-Owholemodule";
				VALIDATE_PRODUCT = YES;
			};
			name = Release;
		};
		DCC50D131F4E187A0072EDA5 /* Debug */ = {
			isa = XCBuildConfiguration;
			buildSettings = {
				ASSETCATALOG_COMPILER_APPICON_NAME = AppIcon;
				INFOPLIST_FILE = Gambit/Info.plist;
				LD_RUNPATH_SEARCH_PATHS = "$(inherited) @executable_path/Frameworks";
				PRODUCT_BUNDLE_IDENTIFIER = "Robbie-Cravens.Gambit";
				PRODUCT_NAME = "$(TARGET_NAME)";
				SWIFT_VERSION = 4.0;
				TARGETED_DEVICE_FAMILY = "1,2";
			};
			name = Debug;
		};
		DCC50D141F4E187A0072EDA5 /* Release */ = {
			isa = XCBuildConfiguration;
			buildSettings = {
				ASSETCATALOG_COMPILER_APPICON_NAME = AppIcon;
				INFOPLIST_FILE = Gambit/Info.plist;
				LD_RUNPATH_SEARCH_PATHS = "$(inherited) @executable_path/Frameworks";
				PRODUCT_BUNDLE_IDENTIFIER = "Robbie-Cravens.Gambit";
				PRODUCT_NAME = "$(TARGET_NAME)";
				SWIFT_VERSION = 4.0;
				TARGETED_DEVICE_FAMILY = "1,2";
			};
			name = Release;
		};
		DCC50D161F4E187A0072EDA5 /* Debug */ = {
			isa = XCBuildConfiguration;
			buildSettings = {
				ALWAYS_EMBED_SWIFT_STANDARD_LIBRARIES = YES;
				BUNDLE_LOADER = "$(TEST_HOST)";
				INFOPLIST_FILE = GambitTests/Info.plist;
				LD_RUNPATH_SEARCH_PATHS = "$(inherited) @executable_path/Frameworks @loader_path/Frameworks";
				PRODUCT_BUNDLE_IDENTIFIER = "Robbie-Cravens.GambitTests";
				PRODUCT_NAME = "$(TARGET_NAME)";
				SWIFT_VERSION = 4.0;
				TARGETED_DEVICE_FAMILY = "1,2";
				TEST_HOST = "$(BUILT_PRODUCTS_DIR)/Gambit.app/Gambit";
			};
			name = Debug;
		};
		DCC50D171F4E187A0072EDA5 /* Release */ = {
			isa = XCBuildConfiguration;
			buildSettings = {
				ALWAYS_EMBED_SWIFT_STANDARD_LIBRARIES = YES;
				BUNDLE_LOADER = "$(TEST_HOST)";
				INFOPLIST_FILE = GambitTests/Info.plist;
				LD_RUNPATH_SEARCH_PATHS = "$(inherited) @executable_path/Frameworks @loader_path/Frameworks";
				PRODUCT_BUNDLE_IDENTIFIER = "Robbie-Cravens.GambitTests";
				PRODUCT_NAME = "$(TARGET_NAME)";
				SWIFT_VERSION = 4.0;
				TARGETED_DEVICE_FAMILY = "1,2";
				TEST_HOST = "$(BUILT_PRODUCTS_DIR)/Gambit.app/Gambit";
			};
			name = Release;
		};
		DCC50D191F4E187A0072EDA5 /* Debug */ = {
			isa = XCBuildConfiguration;
			buildSettings = {
				ALWAYS_EMBED_SWIFT_STANDARD_LIBRARIES = YES;
				INFOPLIST_FILE = GambitUITests/Info.plist;
				LD_RUNPATH_SEARCH_PATHS = "$(inherited) @executable_path/Frameworks @loader_path/Frameworks";
				PRODUCT_BUNDLE_IDENTIFIER = "Robbie-Cravens.GambitUITests";
				PRODUCT_NAME = "$(TARGET_NAME)";
				SWIFT_VERSION = 4.0;
				TARGETED_DEVICE_FAMILY = "1,2";
				TEST_TARGET_NAME = Gambit;
			};
			name = Debug;
		};
		DCC50D1A1F4E187A0072EDA5 /* Release */ = {
			isa = XCBuildConfiguration;
			buildSettings = {
				ALWAYS_EMBED_SWIFT_STANDARD_LIBRARIES = YES;
				INFOPLIST_FILE = GambitUITests/Info.plist;
				LD_RUNPATH_SEARCH_PATHS = "$(inherited) @executable_path/Frameworks @loader_path/Frameworks";
				PRODUCT_BUNDLE_IDENTIFIER = "Robbie-Cravens.GambitUITests";
				PRODUCT_NAME = "$(TARGET_NAME)";
				SWIFT_VERSION = 4.0;
				TARGETED_DEVICE_FAMILY = "1,2";
				TEST_TARGET_NAME = Gambit;
			};
			name = Release;
		};
/* End XCBuildConfiguration section */

/* Begin XCConfigurationList section */
		DCC50CE51F4E187A0072EDA5 /* Build configuration list for PBXProject "Gambit" */ = {
			isa = XCConfigurationList;
			buildConfigurations = (
				DCC50D101F4E187A0072EDA5 /* Debug */,
				DCC50D111F4E187A0072EDA5 /* Release */,
			);
			defaultConfigurationIsVisible = 0;
			defaultConfigurationName = Release;
		};
		DCC50D121F4E187A0072EDA5 /* Build configuration list for PBXNativeTarget "Gambit" */ = {
			isa = XCConfigurationList;
			buildConfigurations = (
				DCC50D131F4E187A0072EDA5 /* Debug */,
				DCC50D141F4E187A0072EDA5 /* Release */,
			);
			defaultConfigurationIsVisible = 0;
			defaultConfigurationName = Release;
		};
		DCC50D151F4E187A0072EDA5 /* Build configuration list for PBXNativeTarget "GambitTests" */ = {
			isa = XCConfigurationList;
			buildConfigurations = (
				DCC50D161F4E187A0072EDA5 /* Debug */,
				DCC50D171F4E187A0072EDA5 /* Release */,
			);
			defaultConfigurationIsVisible = 0;
			defaultConfigurationName = Release;
		};
		DCC50D181F4E187A0072EDA5 /* Build configuration list for PBXNativeTarget "GambitUITests" */ = {
			isa = XCConfigurationList;
			buildConfigurations = (
				DCC50D191F4E187A0072EDA5 /* Debug */,
				DCC50D1A1F4E187A0072EDA5 /* Release */,
			);
			defaultConfigurationIsVisible = 0;
			defaultConfigurationName = Release;
		};
/* End XCConfigurationList section */
	};
	rootObject = DCC50CE21F4E187A0072EDA5 /* Project object */;
}
